
Microsoft Visual Studio Solution File, Format Version 12.00
# Visual Studio Version 16
VisualStudioVersion = 16.0.31702.278
MinimumVisualStudioVersion = 10.0.40219.1
Project("{FAE04EC0-301F-11D3-BF4B-00C04F79EFBC}") = "AspCore5Mvc", "AspCore5Mvc.csproj", "{4F68B74F-E08A-4778-9180-8631E3626235}"
EndProject
Global
	GlobalSection(SolutionConfigurationPlatforms) = preSolution
		Debug|Any CPU = Debug|Any CPU
		Release|Any CPU = Release|Any CPU
	EndGlobalSection
	GlobalSection(ProjectConfigurationPlatforms) = postSolution
		{4F68B74F-E08A-4778-9180-8631E3626235}.Debug|Any CPU.ActiveCfg = Debug|Any CPU
		{4F68B74F-E08A-4778-9180-8631E3626235}.Debug|Any CPU.Build.0 = Debug|Any CPU
		{4F68B74F-E08A-4778-9180-8631E3626235}.Release|Any CPU.ActiveCfg = Release|Any CPU
		{4F68B74F-E08A-4778-9180-8631E3626235}.Release|Any CPU.Build.0 = Release|Any CPU
	EndGlobalSection
	GlobalSection(SolutionProperties) = preSolution
		HideSolutionNode = FALSE
	EndGlobalSection
	GlobalSection(ExtensibilityGlobals) = postSolution
		SolutionGuid = {E6D45F9A-E2B5-4A12-8AB8-FB5B080729A3}
	EndGlobalSection
EndGlobal
